
Microsoft Visual Studio Solution File, Format Version 12.00
# Visual Studio Version 17
VisualStudioVersion = 17.7.34024.191
MinimumVisualStudioVersion = 10.0.40219.1
Project("{FAE04EC0-301F-11D3-BF4B-00C04F79EFBC}") = "RyanLab2", "RyanLab2\RyanLab2.csproj", "{85CBC2A5-DBC3-48E8-8E83-81F6F2A5FDCF}"
EndProject
Global
	GlobalSection(SolutionConfigurationPlatforms) = preSolution
		Debug|Any CPU = Debug|Any CPU
		Release|Any CPU = Release|Any CPU
	EndGlobalSection
	GlobalSection(ProjectConfigurationPlatforms) = postSolution
		{85CBC2A5-DBC3-48E8-8E83-81F6F2A5FDCF}.Debug|Any CPU.ActiveCfg = Debug|Any CPU
		{85CBC2A5-DBC3-48E8-8E83-81F6F2A5FDCF}.Debug|Any CPU.Build.0 = Debug|Any CPU
		{85CBC2A5-DBC3-48E8-8E83-81F6F2A5FDCF}.Release|Any CPU.ActiveCfg = Release|Any CPU
		{85CBC2A5-DBC3-48E8-8E83-81F6F2A5FDCF}.Release|Any CPU.Build.0 = Release|Any CPU
	EndGlobalSection
	GlobalSection(SolutionProperties) = preSolution
		HideSolutionNode = FALSE
	EndGlobalSection
	GlobalSection(ExtensibilityGlobals) = postSolution
		SolutionGuid = {32FFC9A7-352E-44DF-BC3C-9757274CB416}
	EndGlobalSection
EndGlobal
